// !$*UTF8*$!
{
	archiveVersion = 1;
	classes = {
	};
	objectVersion = 56;
	objects = {

/* Begin PBXBuildFile section */
		AC138AEC2A9B8F7200849F90 /* GFTitleLabel.swift in Sources */ = {isa = PBXBuildFile; fileRef = AC138AEB2A9B8F7200849F90 /* GFTitleLabel.swift */; };
		AC138AEE2A9B910B00849F90 /* GFBodyLabel.swift in Sources */ = {isa = PBXBuildFile; fileRef = AC138AED2A9B910B00849F90 /* GFBodyLabel.swift */; };
		AC138AF02A9B923100849F90 /* GFAlertVC.swift in Sources */ = {isa = PBXBuildFile; fileRef = AC138AEF2A9B923100849F90 /* GFAlertVC.swift */; };
		AC138AF22A9B9E6500849F90 /* UIViewController+Ext.swift in Sources */ = {isa = PBXBuildFile; fileRef = AC138AF12A9B9E6500849F90 /* UIViewController+Ext.swift */; };
		AC2655312AB322100030913D /* GFTabBarController.swift in Sources */ = {isa = PBXBuildFile; fileRef = AC2655302AB322100030913D /* GFTabBarController.swift */; };
		AC33437D2A9635690019564A /* GFButton.swift in Sources */ = {isa = PBXBuildFile; fileRef = AC33437C2A9635690019564A /* GFButton.swift */; };
		AC3FE6962AA3766400B68B17 /* UserInfoVC.swift in Sources */ = {isa = PBXBuildFile; fileRef = AC3FE6952AA3766400B68B17 /* UserInfoVC.swift */; };
		AC3FE6982AA4B66600B68B17 /* GFUserInfoHeaderVC.swift in Sources */ = {isa = PBXBuildFile; fileRef = AC3FE6972AA4B66600B68B17 /* GFUserInfoHeaderVC.swift */; };
		AC3FE69A2AA4B6D800B68B17 /* GFSecondaryTitleLabel.swift in Sources */ = {isa = PBXBuildFile; fileRef = AC3FE6992AA4B6D800B68B17 /* GFSecondaryTitleLabel.swift */; };
		AC3FE69E2AA4C0A000B68B17 /* Constants.swift in Sources */ = {isa = PBXBuildFile; fileRef = AC3FE69D2AA4C0A000B68B17 /* Constants.swift */; };
		AC3FE6A02AA891CF00B68B17 /* GFItemInfoView.swift in Sources */ = {isa = PBXBuildFile; fileRef = AC3FE69F2AA891CF00B68B17 /* GFItemInfoView.swift */; };
		AC3FE6A22AAA2C8600B68B17 /* GFItemInfoVC.swift in Sources */ = {isa = PBXBuildFile; fileRef = AC3FE6A12AAA2C8600B68B17 /* GFItemInfoVC.swift */; };
		AC3FE6A42AAA342900B68B17 /* GFRepoItemVC.swift in Sources */ = {isa = PBXBuildFile; fileRef = AC3FE6A32AAA342900B68B17 /* GFRepoItemVC.swift */; };
		AC3FE6A62AAA364000B68B17 /* GFFollowerItemVC.swift in Sources */ = {isa = PBXBuildFile; fileRef = AC3FE6A52AAA364000B68B17 /* GFFollowerItemVC.swift */; };
		AC3FE6A92AAA484200B68B17 /* Date+Ext.swift in Sources */ = {isa = PBXBuildFile; fileRef = AC3FE6A82AAA484200B68B17 /* Date+Ext.swift */; };
		AC3FE6AB2AAA488F00B68B17 /* String+Ext.swift in Sources */ = {isa = PBXBuildFile; fileRef = AC3FE6AA2AAA488F00B68B17 /* String+Ext.swift */; };
		AC4451262A9253A000E8E67F /* AppDelegate.swift in Sources */ = {isa = PBXBuildFile; fileRef = AC4451252A9253A000E8E67F /* AppDelegate.swift */; };
		AC4451282A9253A000E8E67F /* SceneDelegate.swift in Sources */ = {isa = PBXBuildFile; fileRef = AC4451272A9253A000E8E67F /* SceneDelegate.swift */; };
		AC44512F2A9253A000E8E67F /* Assets.xcassets in Resources */ = {isa = PBXBuildFile; fileRef = AC44512E2A9253A000E8E67F /* Assets.xcassets */; };
		AC4451322A9253A000E8E67F /* LaunchScreen.storyboard in Resources */ = {isa = PBXBuildFile; fileRef = AC4451302A9253A000E8E67F /* LaunchScreen.storyboard */; };
		AC44513F2A94EE6A00E8E67F /* SearchVC.swift in Sources */ = {isa = PBXBuildFile; fileRef = AC44513E2A94EE6A00E8E67F /* SearchVC.swift */; };
		AC4451412A94EE9F00E8E67F /* FavoritesListVC.swift in Sources */ = {isa = PBXBuildFile; fileRef = AC4451402A94EE9F00E8E67F /* FavoritesListVC.swift */; };
		AC89F3962AB1B0D2004B6182 /* PersistenceManager.swift in Sources */ = {isa = PBXBuildFile; fileRef = AC89F3952AB1B0D2004B6182 /* PersistenceManager.swift */; };
		AC89F3982AB1C4F3004B6182 /* FavoriteCell.swift in Sources */ = {isa = PBXBuildFile; fileRef = AC89F3972AB1C4F3004B6182 /* FavoriteCell.swift */; };
		ACA9B7192A9C974A00062387 /* Follower.swift in Sources */ = {isa = PBXBuildFile; fileRef = ACA9B7182A9C974A00062387 /* Follower.swift */; };
		ACA9B71B2A9C98A200062387 /* User.swift in Sources */ = {isa = PBXBuildFile; fileRef = ACA9B71A2A9C98A200062387 /* User.swift */; };
		ACA9B71E2A9CAFC600062387 /* NetworkManager.swift in Sources */ = {isa = PBXBuildFile; fileRef = ACA9B71D2A9CAFC600062387 /* NetworkManager.swift */; };
		ACA9B7212A9CC91900062387 /* GFError.swift in Sources */ = {isa = PBXBuildFile; fileRef = ACA9B7202A9CC91900062387 /* GFError.swift */; };
		ACBE38A42A9DD351006CFB2B /* FollowerCell.swift in Sources */ = {isa = PBXBuildFile; fileRef = ACBE38A32A9DD351006CFB2B /* FollowerCell.swift */; };
		ACBE38A62A9DD3C0006CFB2B /* GFAvatarImageView.swift in Sources */ = {isa = PBXBuildFile; fileRef = ACBE38A52A9DD3C0006CFB2B /* GFAvatarImageView.swift */; };
		ACFA0FFA2A979EB800E9A23C /* GFTextField.swift in Sources */ = {isa = PBXBuildFile; fileRef = ACFA0FF92A979EB800E9A23C /* GFTextField.swift */; };
		ACFA0FFC2A97B87800E9A23C /* FollowerListVC.swift in Sources */ = {isa = PBXBuildFile; fileRef = ACFA0FFB2A97B87800E9A23C /* FollowerListVC.swift */; };
		ACFB98DF2AA32D0E00137394 /* GFEmptyStateView.swift in Sources */ = {isa = PBXBuildFile; fileRef = ACFB98DE2AA32D0E00137394 /* GFEmptyStateView.swift */; };
/* End PBXBuildFile section */

/* Begin PBXFileReference section */
		AC138AEB2A9B8F7200849F90 /* GFTitleLabel.swift */ = {isa = PBXFileReference; lastKnownFileType = sourcecode.swift; path = GFTitleLabel.swift; sourceTree = "<group>"; };
		AC138AED2A9B910B00849F90 /* GFBodyLabel.swift */ = {isa = PBXFileReference; lastKnownFileType = sourcecode.swift; path = GFBodyLabel.swift; sourceTree = "<group>"; };
		AC138AEF2A9B923100849F90 /* GFAlertVC.swift */ = {isa = PBXFileReference; lastKnownFileType = sourcecode.swift; path = GFAlertVC.swift; sourceTree = "<group>"; };
		AC138AF12A9B9E6500849F90 /* UIViewController+Ext.swift */ = {isa = PBXFileReference; lastKnownFileType = sourcecode.swift; path = "UIViewController+Ext.swift"; sourceTree = "<group>"; };
		AC2655302AB322100030913D /* GFTabBarController.swift */ = {isa = PBXFileReference; lastKnownFileType = sourcecode.swift; path = GFTabBarController.swift; sourceTree = "<group>"; };
		AC33437C2A9635690019564A /* GFButton.swift */ = {isa = PBXFileReference; lastKnownFileType = sourcecode.swift; path = GFButton.swift; sourceTree = "<group>"; };
		AC3FE6952AA3766400B68B17 /* UserInfoVC.swift */ = {isa = PBXFileReference; lastKnownFileType = sourcecode.swift; path = UserInfoVC.swift; sourceTree = "<group>"; };
		AC3FE6972AA4B66600B68B17 /* GFUserInfoHeaderVC.swift */ = {isa = PBXFileReference; lastKnownFileType = sourcecode.swift; path = GFUserInfoHeaderVC.swift; sourceTree = "<group>"; };
		AC3FE6992AA4B6D800B68B17 /* GFSecondaryTitleLabel.swift */ = {isa = PBXFileReference; lastKnownFileType = sourcecode.swift; path = GFSecondaryTitleLabel.swift; sourceTree = "<group>"; };
		AC3FE69D2AA4C0A000B68B17 /* Constants.swift */ = {isa = PBXFileReference; lastKnownFileType = sourcecode.swift; path = Constants.swift; sourceTree = "<group>"; };
		AC3FE69F2AA891CF00B68B17 /* GFItemInfoView.swift */ = {isa = PBXFileReference; lastKnownFileType = sourcecode.swift; path = GFItemInfoView.swift; sourceTree = "<group>"; };
		AC3FE6A12AAA2C8600B68B17 /* GFItemInfoVC.swift */ = {isa = PBXFileReference; lastKnownFileType = sourcecode.swift; path = GFItemInfoVC.swift; sourceTree = "<group>"; };
		AC3FE6A32AAA342900B68B17 /* GFRepoItemVC.swift */ = {isa = PBXFileReference; lastKnownFileType = sourcecode.swift; path = GFRepoItemVC.swift; sourceTree = "<group>"; };
		AC3FE6A52AAA364000B68B17 /* GFFollowerItemVC.swift */ = {isa = PBXFileReference; lastKnownFileType = sourcecode.swift; path = GFFollowerItemVC.swift; sourceTree = "<group>"; };
		AC3FE6A82AAA484200B68B17 /* Date+Ext.swift */ = {isa = PBXFileReference; lastKnownFileType = sourcecode.swift; path = "Date+Ext.swift"; sourceTree = "<group>"; };
		AC3FE6AA2AAA488F00B68B17 /* String+Ext.swift */ = {isa = PBXFileReference; lastKnownFileType = sourcecode.swift; path = "String+Ext.swift"; sourceTree = "<group>"; };
		AC4451222A9253A000E8E67F /* GithubFollowers-App.app */ = {isa = PBXFileReference; explicitFileType = wrapper.application; includeInIndex = 0; path = "GithubFollowers-App.app"; sourceTree = BUILT_PRODUCTS_DIR; };
		AC4451252A9253A000E8E67F /* AppDelegate.swift */ = {isa = PBXFileReference; lastKnownFileType = sourcecode.swift; path = AppDelegate.swift; sourceTree = "<group>"; };
		AC4451272A9253A000E8E67F /* SceneDelegate.swift */ = {isa = PBXFileReference; lastKnownFileType = sourcecode.swift; path = SceneDelegate.swift; sourceTree = "<group>"; };
		AC44512E2A9253A000E8E67F /* Assets.xcassets */ = {isa = PBXFileReference; lastKnownFileType = folder.assetcatalog; path = Assets.xcassets; sourceTree = "<group>"; };
		AC4451312A9253A000E8E67F /* Base */ = {isa = PBXFileReference; lastKnownFileType = file.storyboard; name = Base; path = Base.lproj/LaunchScreen.storyboard; sourceTree = "<group>"; };
		AC4451332A9253A000E8E67F /* Info.plist */ = {isa = PBXFileReference; lastKnownFileType = text.plist.xml; path = Info.plist; sourceTree = "<group>"; };
		AC44513E2A94EE6A00E8E67F /* SearchVC.swift */ = {isa = PBXFileReference; lastKnownFileType = sourcecode.swift; path = SearchVC.swift; sourceTree = "<group>"; };
		AC4451402A94EE9F00E8E67F /* FavoritesListVC.swift */ = {isa = PBXFileReference; lastKnownFileType = sourcecode.swift; path = FavoritesListVC.swift; sourceTree = "<group>"; };
		AC89F3952AB1B0D2004B6182 /* PersistenceManager.swift */ = {isa = PBXFileReference; lastKnownFileType = sourcecode.swift; path = PersistenceManager.swift; sourceTree = "<group>"; };
		AC89F3972AB1C4F3004B6182 /* FavoriteCell.swift */ = {isa = PBXFileReference; lastKnownFileType = sourcecode.swift; path = FavoriteCell.swift; sourceTree = "<group>"; };
		ACA9B7182A9C974A00062387 /* Follower.swift */ = {isa = PBXFileReference; lastKnownFileType = sourcecode.swift; path = Follower.swift; sourceTree = "<group>"; };
		ACA9B71A2A9C98A200062387 /* User.swift */ = {isa = PBXFileReference; lastKnownFileType = sourcecode.swift; path = User.swift; sourceTree = "<group>"; };
		ACA9B71D2A9CAFC600062387 /* NetworkManager.swift */ = {isa = PBXFileReference; lastKnownFileType = sourcecode.swift; path = NetworkManager.swift; sourceTree = "<group>"; };
		ACA9B7202A9CC91900062387 /* GFError.swift */ = {isa = PBXFileReference; lastKnownFileType = sourcecode.swift; path = GFError.swift; sourceTree = "<group>"; };
		ACBE38A32A9DD351006CFB2B /* FollowerCell.swift */ = {isa = PBXFileReference; lastKnownFileType = sourcecode.swift; path = FollowerCell.swift; sourceTree = "<group>"; };
		ACBE38A52A9DD3C0006CFB2B /* GFAvatarImageView.swift */ = {isa = PBXFileReference; lastKnownFileType = sourcecode.swift; path = GFAvatarImageView.swift; sourceTree = "<group>"; };
		ACFA0FF92A979EB800E9A23C /* GFTextField.swift */ = {isa = PBXFileReference; lastKnownFileType = sourcecode.swift; path = GFTextField.swift; sourceTree = "<group>"; };
		ACFA0FFB2A97B87800E9A23C /* FollowerListVC.swift */ = {isa = PBXFileReference; lastKnownFileType = sourcecode.swift; path = FollowerListVC.swift; sourceTree = "<group>"; };
		ACFB98DE2AA32D0E00137394 /* GFEmptyStateView.swift */ = {isa = PBXFileReference; lastKnownFileType = sourcecode.swift; path = GFEmptyStateView.swift; sourceTree = "<group>"; };
/* End PBXFileReference section */

/* Begin PBXFrameworksBuildPhase section */
		AC44511F2A9253A000E8E67F /* Frameworks */ = {
			isa = PBXFrameworksBuildPhase;
			buildActionMask = 2147483647;
			files = (
			);
			runOnlyForDeploymentPostprocessing = 0;
		};
/* End PBXFrameworksBuildPhase section */

/* Begin PBXGroup section */
		AC138AF32A9BC71100849F90 /* Screens */ = {
			isa = PBXGroup;
			children = (
				AC44513E2A94EE6A00E8E67F /* SearchVC.swift */,
				ACFA0FFB2A97B87800E9A23C /* FollowerListVC.swift */,
				AC3FE6952AA3766400B68B17 /* UserInfoVC.swift */,
				AC4451402A94EE9F00E8E67F /* FavoritesListVC.swift */,
			);
			path = Screens;
			sourceTree = "<group>";
		};
		AC138AF42A9BC74F00849F90 /* Custom Views */ = {
			isa = PBXGroup;
			children = (
				AC26552F2AB321FA0030913D /* TabBarControllers */,
				ACFB98DC2AA32CA000137394 /* ViewControllers */,
				ACFB98DB2AA32C9900137394 /* ImageViews */,
				ACFB98DD2AA32CC100137394 /* Labels */,
				ACFB98DA2AA32C9300137394 /* TextFields */,
				ACFB98D92AA32C8E00137394 /* Buttons */,
				ACFB98D82AA32C8A00137394 /* Views */,
				ACBE38A22A9DD32E006CFB2B /* Cells */,
			);
			path = "Custom Views";
			sourceTree = "<group>";
		};
		AC138AF52A9BC81000849F90 /* Support */ = {
			isa = PBXGroup;
			children = (
				AC4451252A9253A000E8E67F /* AppDelegate.swift */,
				AC4451272A9253A000E8E67F /* SceneDelegate.swift */,
				AC44512E2A9253A000E8E67F /* Assets.xcassets */,
				AC4451302A9253A000E8E67F /* LaunchScreen.storyboard */,
			);
			path = Support;
			sourceTree = "<group>";
		};
		AC26552F2AB321FA0030913D /* TabBarControllers */ = {
			isa = PBXGroup;
			children = (
				AC2655302AB322100030913D /* GFTabBarController.swift */,
			);
			path = TabBarControllers;
			sourceTree = "<group>";
		};
		AC3FE6A72AAA369000B68B17 /* ItemInfoVCs */ = {
			isa = PBXGroup;
			children = (
				AC3FE6A12AAA2C8600B68B17 /* GFItemInfoVC.swift */,
				AC3FE6A32AAA342900B68B17 /* GFRepoItemVC.swift */,
				AC3FE6A52AAA364000B68B17 /* GFFollowerItemVC.swift */,
			);
			path = ItemInfoVCs;
			sourceTree = "<group>";
		};
		AC4451192A9253A000E8E67F = {
			isa = PBXGroup;
			children = (
				AC4451242A9253A000E8E67F /* GithubFollowers-App */,
				AC4451232A9253A000E8E67F /* Products */,
			);
			sourceTree = "<group>";
		};
		AC4451232A9253A000E8E67F /* Products */ = {
			isa = PBXGroup;
			children = (
				AC4451222A9253A000E8E67F /* GithubFollowers-App.app */,
			);
			name = Products;
			sourceTree = "<group>";
		};
		AC4451242A9253A000E8E67F /* GithubFollowers-App */ = {
			isa = PBXGroup;
			children = (
				ACA9B7172A9C974200062387 /* Model */,
				ACA9B71F2A9CC90900062387 /* Utilities */,
				ACA9B71C2A9CAFB200062387 /* Managers */,
				ACFA0FFD2A97DF4B00E9A23C /* Extensions */,
				AC138AF42A9BC74F00849F90 /* Custom Views */,
				AC138AF32A9BC71100849F90 /* Screens */,
				AC138AF52A9BC81000849F90 /* Support */,
				AC4451332A9253A000E8E67F /* Info.plist */,
			);
			path = "GithubFollowers-App";
			sourceTree = "<group>";
		};
		ACA9B7172A9C974200062387 /* Model */ = {
			isa = PBXGroup;
			children = (
				ACA9B7182A9C974A00062387 /* Follower.swift */,
				ACA9B71A2A9C98A200062387 /* User.swift */,
			);
			path = Model;
			sourceTree = "<group>";
		};
		ACA9B71C2A9CAFB200062387 /* Managers */ = {
			isa = PBXGroup;
			children = (
				ACA9B71D2A9CAFC600062387 /* NetworkManager.swift */,
				AC89F3952AB1B0D2004B6182 /* PersistenceManager.swift */,
			);
			path = Managers;
			sourceTree = "<group>";
		};
		ACA9B71F2A9CC90900062387 /* Utilities */ = {
			isa = PBXGroup;
			children = (
				ACA9B7202A9CC91900062387 /* GFError.swift */,
				AC3FE69D2AA4C0A000B68B17 /* Constants.swift */,
			);
			path = Utilities;
			sourceTree = "<group>";
		};
		ACBE38A22A9DD32E006CFB2B /* Cells */ = {
			isa = PBXGroup;
			children = (
				ACBE38A32A9DD351006CFB2B /* FollowerCell.swift */,
				AC89F3972AB1C4F3004B6182 /* FavoriteCell.swift */,
			);
			path = Cells;
			sourceTree = "<group>";
		};
		ACFA0FFD2A97DF4B00E9A23C /* Extensions */ = {
			isa = PBXGroup;
			children = (
				AC138AF12A9B9E6500849F90 /* UIViewController+Ext.swift */,
				AC3FE6A82AAA484200B68B17 /* Date+Ext.swift */,
				AC3FE6AA2AAA488F00B68B17 /* String+Ext.swift */,
			);
			path = Extensions;
			sourceTree = "<group>";
		};
		ACFB98D82AA32C8A00137394 /* Views */ = {
			isa = PBXGroup;
			children = (
				ACFB98DE2AA32D0E00137394 /* GFEmptyStateView.swift */,
				AC3FE69F2AA891CF00B68B17 /* GFItemInfoView.swift */,
			);
			path = Views;
			sourceTree = "<group>";
		};
		ACFB98D92AA32C8E00137394 /* Buttons */ = {
			isa = PBXGroup;
			children = (
				AC33437C2A9635690019564A /* GFButton.swift */,
			);
			path = Buttons;
			sourceTree = "<group>";
		};
		ACFB98DA2AA32C9300137394 /* TextFields */ = {
			isa = PBXGroup;
			children = (
				ACFA0FF92A979EB800E9A23C /* GFTextField.swift */,
			);
			path = TextFields;
			sourceTree = "<group>";
		};
		ACFB98DB2AA32C9900137394 /* ImageViews */ = {
			isa = PBXGroup;
			children = (
				ACBE38A52A9DD3C0006CFB2B /* GFAvatarImageView.swift */,
			);
			path = ImageViews;
			sourceTree = "<group>";
		};
		ACFB98DC2AA32CA000137394 /* ViewControllers */ = {
			isa = PBXGroup;
			children = (
				AC3FE6A72AAA369000B68B17 /* ItemInfoVCs */,
				AC138AEF2A9B923100849F90 /* GFAlertVC.swift */,
				AC3FE6972AA4B66600B68B17 /* GFUserInfoHeaderVC.swift */,
			);
			path = ViewControllers;
			sourceTree = "<group>";
		};
		ACFB98DD2AA32CC100137394 /* Labels */ = {
			isa = PBXGroup;
			children = (
				AC138AEB2A9B8F7200849F90 /* GFTitleLabel.swift */,
				AC138AED2A9B910B00849F90 /* GFBodyLabel.swift */,
				AC3FE6992AA4B6D800B68B17 /* GFSecondaryTitleLabel.swift */,
			);
			path = Labels;
			sourceTree = "<group>";
		};
/* End PBXGroup section */

/* Begin PBXNativeTarget section */
		AC4451212A9253A000E8E67F /* GithubFollowers-App */ = {
			isa = PBXNativeTarget;
			buildConfigurationList = AC4451362A9253A000E8E67F /* Build configuration list for PBXNativeTarget "GithubFollowers-App" */;
			buildPhases = (
				AC44511E2A9253A000E8E67F /* Sources */,
				AC44511F2A9253A000E8E67F /* Frameworks */,
				AC4451202A9253A000E8E67F /* Resources */,
			);
			buildRules = (
			);
			dependencies = (
			);
			name = "GithubFollowers-App";
			productName = "GithubFollowers-App";
			productReference = AC4451222A9253A000E8E67F /* GithubFollowers-App.app */;
			productType = "com.apple.product-type.application";
		};
/* End PBXNativeTarget section */

/* Begin PBXProject section */
		AC44511A2A9253A000E8E67F /* Project object */ = {
			isa = PBXProject;
			attributes = {
				BuildIndependentTargetsInParallel = 1;
				LastSwiftUpdateCheck = 1420;
				LastUpgradeCheck = 1420;
				TargetAttributes = {
					AC4451212A9253A000E8E67F = {
						CreatedOnToolsVersion = 14.2;
					};
				};
			};
			buildConfigurationList = AC44511D2A9253A000E8E67F /* Build configuration list for PBXProject "GithubFollowers-App" */;
			compatibilityVersion = "Xcode 14.0";
			developmentRegion = en;
			hasScannedForEncodings = 0;
			knownRegions = (
				en,
				Base,
			);
			mainGroup = AC4451192A9253A000E8E67F;
			productRefGroup = AC4451232A9253A000E8E67F /* Products */;
			projectDirPath = "";
			projectRoot = "";
			targets = (
				AC4451212A9253A000E8E67F /* GithubFollowers-App */,
			);
		};
/* End PBXProject section */

/* Begin PBXResourcesBuildPhase section */
		AC4451202A9253A000E8E67F /* Resources */ = {
			isa = PBXResourcesBuildPhase;
			buildActionMask = 2147483647;
			files = (
				AC4451322A9253A000E8E67F /* LaunchScreen.storyboard in Resources */,
				AC44512F2A9253A000E8E67F /* Assets.xcassets in Resources */,
			);
			runOnlyForDeploymentPostprocessing = 0;
		};
/* End PBXResourcesBuildPhase section */

/* Begin PBXSourcesBuildPhase section */
		AC44511E2A9253A000E8E67F /* Sources */ = {
			isa = PBXSourcesBuildPhase;
			buildActionMask = 2147483647;
			files = (
				ACFA0FFA2A979EB800E9A23C /* GFTextField.swift in Sources */,
				AC4451412A94EE9F00E8E67F /* FavoritesListVC.swift in Sources */,
				AC138AF22A9B9E6500849F90 /* UIViewController+Ext.swift in Sources */,
				AC2655312AB322100030913D /* GFTabBarController.swift in Sources */,
				AC33437D2A9635690019564A /* GFButton.swift in Sources */,
				AC44513F2A94EE6A00E8E67F /* SearchVC.swift in Sources */,
				ACFA0FFC2A97B87800E9A23C /* FollowerListVC.swift in Sources */,
				AC3FE6A22AAA2C8600B68B17 /* GFItemInfoVC.swift in Sources */,
				AC3FE69E2AA4C0A000B68B17 /* Constants.swift in Sources */,
				ACA9B71B2A9C98A200062387 /* User.swift in Sources */,
				ACBE38A42A9DD351006CFB2B /* FollowerCell.swift in Sources */,
				ACBE38A62A9DD3C0006CFB2B /* GFAvatarImageView.swift in Sources */,
				AC3FE6A62AAA364000B68B17 /* GFFollowerItemVC.swift in Sources */,
				AC3FE6A02AA891CF00B68B17 /* GFItemInfoView.swift in Sources */,
				AC138AF02A9B923100849F90 /* GFAlertVC.swift in Sources */,
				ACA9B7192A9C974A00062387 /* Follower.swift in Sources */,
				AC3FE6982AA4B66600B68B17 /* GFUserInfoHeaderVC.swift in Sources */,
				AC4451262A9253A000E8E67F /* AppDelegate.swift in Sources */,
				AC138AEC2A9B8F7200849F90 /* GFTitleLabel.swift in Sources */,
				AC3FE6A92AAA484200B68B17 /* Date+Ext.swift in Sources */,
				AC3FE69A2AA4B6D800B68B17 /* GFSecondaryTitleLabel.swift in Sources */,
				ACFB98DF2AA32D0E00137394 /* GFEmptyStateView.swift in Sources */,
				ACA9B7212A9CC91900062387 /* GFError.swift in Sources */,
				AC89F3962AB1B0D2004B6182 /* PersistenceManager.swift in Sources */,
				AC3FE6AB2AAA488F00B68B17 /* String+Ext.swift in Sources */,
				ACA9B71E2A9CAFC600062387 /* NetworkManager.swift in Sources */,
				AC4451282A9253A000E8E67F /* SceneDelegate.swift in Sources */,
				AC138AEE2A9B910B00849F90 /* GFBodyLabel.swift in Sources */,
				AC89F3982AB1C4F3004B6182 /* FavoriteCell.swift in Sources */,
				AC3FE6A42AAA342900B68B17 /* GFRepoItemVC.swift in Sources */,
				AC3FE6962AA3766400B68B17 /* UserInfoVC.swift in Sources */,
			);
			runOnlyForDeploymentPostprocessing = 0;
		};
/* End PBXSourcesBuildPhase section */

/* Begin PBXVariantGroup section */
		AC4451302A9253A000E8E67F /* LaunchScreen.storyboard */ = {
			isa = PBXVariantGroup;
			children = (
				AC4451312A9253A000E8E67F /* Base */,
			);
			name = LaunchScreen.storyboard;
			sourceTree = "<group>";
		};
/* End PBXVariantGroup section */

/* Begin XCBuildConfiguration section */
		AC4451342A9253A000E8E67F /* Debug */ = {
			isa = XCBuildConfiguration;
			buildSettings = {
				ALWAYS_SEARCH_USER_PATHS = NO;
				CLANG_ANALYZER_NONNULL = YES;
				CLANG_ANALYZER_NUMBER_OBJECT_CONVERSION = YES_AGGRESSIVE;
				CLANG_CXX_LANGUAGE_STANDARD = "gnu++20";
				CLANG_ENABLE_MODULES = YES;
				CLANG_ENABLE_OBJC_ARC = YES;
				CLANG_ENABLE_OBJC_WEAK = YES;
				CLANG_WARN_BLOCK_CAPTURE_AUTORELEASING = YES;
				CLANG_WARN_BOOL_CONVERSION = YES;
				CLANG_WARN_COMMA = YES;
				CLANG_WARN_CONSTANT_CONVERSION = YES;
				CLANG_WARN_DEPRECATED_OBJC_IMPLEMENTATIONS = YES;
				CLANG_WARN_DIRECT_OBJC_ISA_USAGE = YES_ERROR;
				CLANG_WARN_DOCUMENTATION_COMMENTS = YES;
				CLANG_WARN_EMPTY_BODY = YES;
				CLANG_WARN_ENUM_CONVERSION = YES;
				CLANG_WARN_INFINITE_RECURSION = YES;
				CLANG_WARN_INT_CONVERSION = YES;
				CLANG_WARN_NON_LITERAL_NULL_CONVERSION = YES;
				CLANG_WARN_OBJC_IMPLICIT_RETAIN_SELF = YES;
				CLANG_WARN_OBJC_LITERAL_CONVERSION = YES;
				CLANG_WARN_OBJC_ROOT_CLASS = YES_ERROR;
				CLANG_WARN_QUOTED_INCLUDE_IN_FRAMEWORK_HEADER = YES;
				CLANG_WARN_RANGE_LOOP_ANALYSIS = YES;
				CLANG_WARN_STRICT_PROTOTYPES = YES;
				CLANG_WARN_SUSPICIOUS_MOVE = YES;
				CLANG_WARN_UNGUARDED_AVAILABILITY = YES_AGGRESSIVE;
				CLANG_WARN_UNREACHABLE_CODE = YES;
				CLANG_WARN__DUPLICATE_METHOD_MATCH = YES;
				COPY_PHASE_STRIP = NO;
				DEBUG_INFORMATION_FORMAT = dwarf;
				ENABLE_STRICT_OBJC_MSGSEND = YES;
				ENABLE_TESTABILITY = YES;
				GCC_C_LANGUAGE_STANDARD = gnu11;
				GCC_DYNAMIC_NO_PIC = NO;
				GCC_NO_COMMON_BLOCKS = YES;
				GCC_OPTIMIZATION_LEVEL = 0;
				GCC_PREPROCESSOR_DEFINITIONS = (
					"DEBUG=1",
					"$(inherited)",
				);
				GCC_WARN_64_TO_32_BIT_CONVERSION = YES;
				GCC_WARN_ABOUT_RETURN_TYPE = YES_ERROR;
				GCC_WARN_UNDECLARED_SELECTOR = YES;
				GCC_WARN_UNINITIALIZED_AUTOS = YES_AGGRESSIVE;
				GCC_WARN_UNUSED_FUNCTION = YES;
				GCC_WARN_UNUSED_VARIABLE = YES;
				IPHONEOS_DEPLOYMENT_TARGET = 16.2;
				MTL_ENABLE_DEBUG_INFO = INCLUDE_SOURCE;
				MTL_FAST_MATH = YES;
				ONLY_ACTIVE_ARCH = YES;
				SDKROOT = iphoneos;
				SWIFT_ACTIVE_COMPILATION_CONDITIONS = DEBUG;
				SWIFT_OPTIMIZATION_LEVEL = "-Onone";
			};
			name = Debug;
		};
		AC4451352A9253A000E8E67F /* Release */ = {
			isa = XCBuildConfiguration;
			buildSettings = {
				ALWAYS_SEARCH_USER_PATHS = NO;
				CLANG_ANALYZER_NONNULL = YES;
				CLANG_ANALYZER_NUMBER_OBJECT_CONVERSION = YES_AGGRESSIVE;
				CLANG_CXX_LANGUAGE_STANDARD = "gnu++20";
				CLANG_ENABLE_MODULES = YES;
				CLANG_ENABLE_OBJC_ARC = YES;
				CLANG_ENABLE_OBJC_WEAK = YES;
				CLANG_WARN_BLOCK_CAPTURE_AUTORELEASING = YES;
				CLANG_WARN_BOOL_CONVERSION = YES;
				CLANG_WARN_COMMA = YES;
				CLANG_WARN_CONSTANT_CONVERSION = YES;
				CLANG_WARN_DEPRECATED_OBJC_IMPLEMENTATIONS = YES;
				CLANG_WARN_DIRECT_OBJC_ISA_USAGE = YES_ERROR;
				CLANG_WARN_DOCUMENTATION_COMMENTS = YES;
				CLANG_WARN_EMPTY_BODY = YES;
				CLANG_WARN_ENUM_CONVERSION = YES;
				CLANG_WARN_INFINITE_RECURSION = YES;
				CLANG_WARN_INT_CONVERSION = YES;
				CLANG_WARN_NON_LITERAL_NULL_CONVERSION = YES;
				CLANG_WARN_OBJC_IMPLICIT_RETAIN_SELF = YES;
				CLANG_WARN_OBJC_LITERAL_CONVERSION = YES;
				CLANG_WARN_OBJC_ROOT_CLASS = YES_ERROR;
				CLANG_WARN_QUOTED_INCLUDE_IN_FRAMEWORK_HEADER = YES;
				CLANG_WARN_RANGE_LOOP_ANALYSIS = YES;
				CLANG_WARN_STRICT_PROTOTYPES = YES;
				CLANG_WARN_SUSPICIOUS_MOVE = YES;
				CLANG_WARN_UNGUARDED_AVAILABILITY = YES_AGGRESSIVE;
				CLANG_WARN_UNREACHABLE_CODE = YES;
				CLANG_WARN__DUPLICATE_METHOD_MATCH = YES;
				COPY_PHASE_STRIP = NO;
				DEBUG_INFORMATION_FORMAT = "dwarf-with-dsym";
				ENABLE_NS_ASSERTIONS = NO;
				ENABLE_STRICT_OBJC_MSGSEND = YES;
				GCC_C_LANGUAGE_STANDARD = gnu11;
				GCC_NO_COMMON_BLOCKS = YES;
				GCC_WARN_64_TO_32_BIT_CONVERSION = YES;
				GCC_WARN_ABOUT_RETURN_TYPE = YES_ERROR;
				GCC_WARN_UNDECLARED_SELECTOR = YES;
				GCC_WARN_UNINITIALIZED_AUTOS = YES_AGGRESSIVE;
				GCC_WARN_UNUSED_FUNCTION = YES;
				GCC_WARN_UNUSED_VARIABLE = YES;
				IPHONEOS_DEPLOYMENT_TARGET = 16.2;
				MTL_ENABLE_DEBUG_INFO = NO;
				MTL_FAST_MATH = YES;
				SDKROOT = iphoneos;
				SWIFT_COMPILATION_MODE = wholemodule;
				SWIFT_OPTIMIZATION_LEVEL = "-O";
				VALIDATE_PRODUCT = YES;
			};
			name = Release;
		};
		AC4451372A9253A000E8E67F /* Debug */ = {
			isa = XCBuildConfiguration;
			buildSettings = {
				ASSETCATALOG_COMPILER_APPICON_NAME = AppIcon;
				ASSETCATALOG_COMPILER_GLOBAL_ACCENT_COLOR_NAME = AccentColor;
				CODE_SIGN_STYLE = Automatic;
				CURRENT_PROJECT_VERSION = 1;
				DEVELOPMENT_TEAM = V92W5X939L;
				GENERATE_INFOPLIST_FILE = YES;
				INFOPLIST_FILE = "GithubFollowers-App/Info.plist";
				INFOPLIST_KEY_UIApplicationSupportsIndirectInputEvents = YES;
				INFOPLIST_KEY_UILaunchStoryboardName = LaunchScreen;
				INFOPLIST_KEY_UISupportedInterfaceOrientations = UIInterfaceOrientationPortrait;
				INFOPLIST_KEY_UISupportedInterfaceOrientations_iPad = "UIInterfaceOrientationLandscapeLeft UIInterfaceOrientationLandscapeRight UIInterfaceOrientationPortrait UIInterfaceOrientationPortraitUpsideDown";
				LD_RUNPATH_SEARCH_PATHS = (
					"$(inherited)",
					"@executable_path/Frameworks",
				);
				MARKETING_VERSION = 1.0;
				PRODUCT_BUNDLE_IDENTIFIER = "com.furkanbingol.GithubFollowers-App";
				PRODUCT_NAME = "$(TARGET_NAME)";
				SUPPORTED_PLATFORMS = "iphoneos iphonesimulator";
				SUPPORTS_MACCATALYST = NO;
				SUPPORTS_MAC_DESIGNED_FOR_IPHONE_IPAD = YES;
				SWIFT_EMIT_LOC_STRINGS = YES;
				SWIFT_VERSION = 5.0;
				TARGETED_DEVICE_FAMILY = 1;
			};
			name = Debug;
		};
		AC4451382A9253A000E8E67F /* Release */ = {
			isa = XCBuildConfiguration;
			buildSettings = {
				ASSETCATALOG_COMPILER_APPICON_NAME = AppIcon;
				ASSETCATALOG_COMPILER_GLOBAL_ACCENT_COLOR_NAME = AccentColor;
				CODE_SIGN_STYLE = Automatic;
				CURRENT_PROJECT_VERSION = 1;
				DEVELOPMENT_TEAM = V92W5X939L;
				GENERATE_INFOPLIST_FILE = YES;
				INFOPLIST_FILE = "GithubFollowers-App/Info.plist";
				INFOPLIST_KEY_UIApplicationSupportsIndirectInputEvents = YES;
				INFOPLIST_KEY_UILaunchStoryboardName = LaunchScreen;
				INFOPLIST_KEY_UISupportedInterfaceOrientations = UIInterfaceOrientationPortrait;
				INFOPLIST_KEY_UISupportedInterfaceOrientations_iPad = "UIInterfaceOrientationLandscapeLeft UIInterfaceOrientationLandscapeRight UIInterfaceOrientationPortrait UIInterfaceOrientationPortraitUpsideDown";
				LD_RUNPATH_SEARCH_PATHS = (
					"$(inherited)",
					"@executable_path/Frameworks",
				);
				MARKETING_VERSION = 1.0;
				PRODUCT_BUNDLE_IDENTIFIER = "com.furkanbingol.GithubFollowers-App";
				PRODUCT_NAME = "$(TARGET_NAME)";
				SUPPORTED_PLATFORMS = "iphoneos iphonesimulator";
				SUPPORTS_MACCATALYST = NO;
				SUPPORTS_MAC_DESIGNED_FOR_IPHONE_IPAD = YES;
				SWIFT_EMIT_LOC_STRINGS = YES;
				SWIFT_VERSION = 5.0;
				TARGETED_DEVICE_FAMILY = 1;
			};
			name = Release;
		};
/* End XCBuildConfiguration section */

/* Begin XCConfigurationList section */
		AC44511D2A9253A000E8E67F /* Build configuration list for PBXProject "GithubFollowers-App" */ = {
			isa = XCConfigurationList;
			buildConfigurations = (
				AC4451342A9253A000E8E67F /* Debug */,
				AC4451352A9253A000E8E67F /* Release */,
			);
			defaultConfigurationIsVisible = 0;
			defaultConfigurationName = Release;
		};
		AC4451362A9253A000E8E67F /* Build configuration list for PBXNativeTarget "GithubFollowers-App" */ = {
			isa = XCConfigurationList;
			buildConfigurations = (
				AC4451372A9253A000E8E67F /* Debug */,
				AC4451382A9253A000E8E67F /* Release */,
			);
			defaultConfigurationIsVisible = 0;
			defaultConfigurationName = Release;
		};
/* End XCConfigurationList section */
	};
	rootObject = AC44511A2A9253A000E8E67F /* Project object */;
}
