// !$*UTF8*$!
{
	archiveVersion = 1;
	classes = {
	};
	objectVersion = 56;
	objects = {

/* Begin PBXBuildFile section */
		AC138AEC2A9B8F7200849F90 /* GFTitleLabel.swift in Sources */ = {isa = PBXBuildFile; fileRef = AC138AEB2A9B8F7200849F90 /* GFTitleLabel.swift */; };
		AC138AEE2A9B910B00849F90 /* GFBodyLabel.swift in Sources */ = {isa = PBXBuildFile; fileRef = AC138AED2A9B910B00849F90 /* GFBodyLabel.swift */; };
		AC138AF02A9B923100849F90 /* GFAlertVC.swift in Sources */ = {isa = PBXBuildFile; fileRef = AC138AEF2A9B923100849F90 /* GFAlertVC.swift */; };
		AC138AF22A9B9E6500849F90 /* UIViewController+Ext.swift in Sources */ = {isa = PBXBuildFile; fileRef = AC138AF12A9B9E6500849F90 /* UIViewController+Ext.swift */; };
		AC33437D2A9635690019564A /* GFButton.swift in Sources */ = {isa = PBXBuildFile; fileRef = AC33437C2A9635690019564A /* GFButton.swift */; };
		AC4451262A9253A000E8E67F /* AppDelegate.swift in Sources */ = {isa = PBXBuildFile; fileRef = AC4451252A9253A000E8E67F /* AppDelegate.swift */; };
		AC4451282A9253A000E8E67F /* SceneDelegate.swift in Sources */ = {isa = PBXBuildFile; fileRef = AC4451272A9253A000E8E67F /* SceneDelegate.swift */; };
		AC44512F2A9253A000E8E67F /* Assets.xcassets in Resources */ = {isa = PBXBuildFile; fileRef = AC44512E2A9253A000E8E67F /* Assets.xcassets */; };
		AC4451322A9253A000E8E67F /* LaunchScreen.storyboard in Resources */ = {isa = PBXBuildFile; fileRef = AC4451302A9253A000E8E67F /* LaunchScreen.storyboard */; };
		AC44513F2A94EE6A00E8E67F /* SearchVC.swift in Sources */ = {isa = PBXBuildFile; fileRef = AC44513E2A94EE6A00E8E67F /* SearchVC.swift */; };
		AC4451412A94EE9F00E8E67F /* FavoritesListVC.swift in Sources */ = {isa = PBXBuildFile; fileRef = AC4451402A94EE9F00E8E67F /* FavoritesListVC.swift */; };
		ACFA0FFA2A979EB800E9A23C /* GFTextField.swift in Sources */ = {isa = PBXBuildFile; fileRef = ACFA0FF92A979EB800E9A23C /* GFTextField.swift */; };
		ACFA0FFC2A97B87800E9A23C /* FollowerListVC.swift in Sources */ = {isa = PBXBuildFile; fileRef = ACFA0FFB2A97B87800E9A23C /* FollowerListVC.swift */; };
		ACFA0FFF2A97DFC400E9A23C /* String+Ext.swift in Sources */ = {isa = PBXBuildFile; fileRef = ACFA0FFE2A97DFC400E9A23C /* String+Ext.swift */; };
/* End PBXBuildFile section */

/* Begin PBXFileReference section */
		AC138AEB2A9B8F7200849F90 /* GFTitleLabel.swift */ = {isa = PBXFileReference; lastKnownFileType = sourcecode.swift; path = GFTitleLabel.swift; sourceTree = "<group>"; };
		AC138AED2A9B910B00849F90 /* GFBodyLabel.swift */ = {isa = PBXFileReference; lastKnownFileType = sourcecode.swift; path = GFBodyLabel.swift; sourceTree = "<group>"; };
		AC138AEF2A9B923100849F90 /* GFAlertVC.swift */ = {isa = PBXFileReference; lastKnownFileType = sourcecode.swift; path = GFAlertVC.swift; sourceTree = "<group>"; };
		AC138AF12A9B9E6500849F90 /* UIViewController+Ext.swift */ = {isa = PBXFileReference; lastKnownFileType = sourcecode.swift; path = "UIViewController+Ext.swift"; sourceTree = "<group>"; };
		AC33437C2A9635690019564A /* GFButton.swift */ = {isa = PBXFileReference; lastKnownFileType = sourcecode.swift; path = GFButton.swift; sourceTree = "<group>"; };
		AC4451222A9253A000E8E67F /* GithubFollowers-App.app */ = {isa = PBXFileReference; explicitFileType = wrapper.application; includeInIndex = 0; path = "GithubFollowers-App.app"; sourceTree = BUILT_PRODUCTS_DIR; };
		AC4451252A9253A000E8E67F /* AppDelegate.swift */ = {isa = PBXFileReference; lastKnownFileType = sourcecode.swift; path = AppDelegate.swift; sourceTree = "<group>"; };
		AC4451272A9253A000E8E67F /* SceneDelegate.swift */ = {isa = PBXFileReference; lastKnownFileType = sourcecode.swift; path = SceneDelegate.swift; sourceTree = "<group>"; };
		AC44512E2A9253A000E8E67F /* Assets.xcassets */ = {isa = PBXFileReference; lastKnownFileType = folder.assetcatalog; path = Assets.xcassets; sourceTree = "<group>"; };
		AC4451312A9253A000E8E67F /* Base */ = {isa = PBXFileReference; lastKnownFileType = file.storyboard; name = Base; path = Base.lproj/LaunchScreen.storyboard; sourceTree = "<group>"; };
		AC4451332A9253A000E8E67F /* Info.plist */ = {isa = PBXFileReference; lastKnownFileType = text.plist.xml; path = Info.plist; sourceTree = "<group>"; };
		AC44513E2A94EE6A00E8E67F /* SearchVC.swift */ = {isa = PBXFileReference; lastKnownFileType = sourcecode.swift; path = SearchVC.swift; sourceTree = "<group>"; };
		AC4451402A94EE9F00E8E67F /* FavoritesListVC.swift */ = {isa = PBXFileReference; lastKnownFileType = sourcecode.swift; path = FavoritesListVC.swift; sourceTree = "<group>"; };
		ACFA0FF92A979EB800E9A23C /* GFTextField.swift */ = {isa = PBXFileReference; lastKnownFileType = sourcecode.swift; path = GFTextField.swift; sourceTree = "<group>"; };
		ACFA0FFB2A97B87800E9A23C /* FollowerListVC.swift */ = {isa = PBXFileReference; lastKnownFileType = sourcecode.swift; path = FollowerListVC.swift; sourceTree = "<group>"; };
		ACFA0FFE2A97DFC400E9A23C /* String+Ext.swift */ = {isa = PBXFileReference; fileEncoding = 4; lastKnownFileType = sourcecode.swift; path = "String+Ext.swift"; sourceTree = "<group>"; };
/* End PBXFileReference section */

/* Begin PBXFrameworksBuildPhase section */
		AC44511F2A9253A000E8E67F /* Frameworks */ = {
			isa = PBXFrameworksBuildPhase;
			buildActionMask = 2147483647;
			files = (
			);
			runOnlyForDeploymentPostprocessing = 0;
		};
/* End PBXFrameworksBuildPhase section */

/* Begin PBXGroup section */
		AC138AF32A9BC71100849F90 /* Screens */ = {
			isa = PBXGroup;
			children = (
				AC44513E2A94EE6A00E8E67F /* SearchVC.swift */,
				ACFA0FFB2A97B87800E9A23C /* FollowerListVC.swift */,
				AC4451402A94EE9F00E8E67F /* FavoritesListVC.swift */,
			);
			path = Screens;
			sourceTree = "<group>";
		};
		AC138AF42A9BC74F00849F90 /* Custom Views */ = {
			isa = PBXGroup;
			children = (
				AC138AEF2A9B923100849F90 /* GFAlertVC.swift */,
				AC33437C2A9635690019564A /* GFButton.swift */,
				ACFA0FF92A979EB800E9A23C /* GFTextField.swift */,
				AC138AEB2A9B8F7200849F90 /* GFTitleLabel.swift */,
				AC138AED2A9B910B00849F90 /* GFBodyLabel.swift */,
			);
			path = "Custom Views";
			sourceTree = "<group>";
		};
		AC138AF52A9BC81000849F90 /* Support */ = {
			isa = PBXGroup;
			children = (
				AC4451252A9253A000E8E67F /* AppDelegate.swift */,
				AC4451272A9253A000E8E67F /* SceneDelegate.swift */,
				AC44512E2A9253A000E8E67F /* Assets.xcassets */,
				AC4451302A9253A000E8E67F /* LaunchScreen.storyboard */,
			);
			path = Support;
			sourceTree = "<group>";
		};
		AC4451192A9253A000E8E67F = {
			isa = PBXGroup;
			children = (
				AC4451242A9253A000E8E67F /* GithubFollowers-App */,
				AC4451232A9253A000E8E67F /* Products */,
			);
			sourceTree = "<group>";
		};
		AC4451232A9253A000E8E67F /* Products */ = {
			isa = PBXGroup;
			children = (
				AC4451222A9253A000E8E67F /* GithubFollowers-App.app */,
			);
			name = Products;
			sourceTree = "<group>";
		};
		AC4451242A9253A000E8E67F /* GithubFollowers-App */ = {
			isa = PBXGroup;
			children = (
				ACFA0FFD2A97DF4B00E9A23C /* Extensions */,
				AC138AF42A9BC74F00849F90 /* Custom Views */,
				AC138AF32A9BC71100849F90 /* Screens */,
				AC138AF52A9BC81000849F90 /* Support */,
				AC4451332A9253A000E8E67F /* Info.plist */,
			);
			path = "GithubFollowers-App";
			sourceTree = "<group>";
		};
		ACFA0FFD2A97DF4B00E9A23C /* Extensions */ = {
			isa = PBXGroup;
			children = (
				AC138AF12A9B9E6500849F90 /* UIViewController+Ext.swift */,
				ACFA0FFE2A97DFC400E9A23C /* String+Ext.swift */,
			);
			path = Extensions;
			sourceTree = "<group>";
		};
/* End PBXGroup section */

/* Begin PBXNativeTarget section */
		AC4451212A9253A000E8E67F /* GithubFollowers-App */ = {
			isa = PBXNativeTarget;
			buildConfigurationList = AC4451362A9253A000E8E67F /* Build configuration list for PBXNativeTarget "GithubFollowers-App" */;
			buildPhases = (
				AC44511E2A9253A000E8E67F /* Sources */,
				AC44511F2A9253A000E8E67F /* Frameworks */,
				AC4451202A9253A000E8E67F /* Resources */,
			);
			buildRules = (
			);
			dependencies = (
			);
			name = "GithubFollowers-App";
			productName = "GithubFollowers-App";
			productReference = AC4451222A9253A000E8E67F /* GithubFollowers-App.app */;
			productType = "com.apple.product-type.application";
		};
/* End PBXNativeTarget section */

/* Begin PBXProject section */
		AC44511A2A9253A000E8E67F /* Project object */ = {
			isa = PBXProject;
			attributes = {
				BuildIndependentTargetsInParallel = 1;
				LastSwiftUpdateCheck = 1420;
				LastUpgradeCheck = 1420;
				TargetAttributes = {
					AC4451212A9253A000E8E67F = {
						CreatedOnToolsVersion = 14.2;
					};
				};
			};
			buildConfigurationList = AC44511D2A9253A000E8E67F /* Build configuration list for PBXProject "GithubFollowers-App" */;
			compatibilityVersion = "Xcode 14.0";
			developmentRegion = en;
			hasScannedForEncodings = 0;
			knownRegions = (
				en,
				Base,
			);
			mainGroup = AC4451192A9253A000E8E67F;
			productRefGroup = AC4451232A9253A000E8E67F /* Products */;
			projectDirPath = "";
			projectRoot = "";
			targets = (
				AC4451212A9253A000E8E67F /* GithubFollowers-App */,
			);
		};
/* End PBXProject section */

/* Begin PBXResourcesBuildPhase section */
		AC4451202A9253A000E8E67F /* Resources */ = {
			isa = PBXResourcesBuildPhase;
			buildActionMask = 2147483647;
			files = (
				AC4451322A9253A000E8E67F /* LaunchScreen.storyboard in Resources */,
				AC44512F2A9253A000E8E67F /* Assets.xcassets in Resources */,
			);
			runOnlyForDeploymentPostprocessing = 0;
		};
/* End PBXResourcesBuildPhase section */

/* Begin PBXSourcesBuildPhase section */
		AC44511E2A9253A000E8E67F /* Sources */ = {
			isa = PBXSourcesBuildPhase;
			buildActionMask = 2147483647;
			files = (
				ACFA0FFA2A979EB800E9A23C /* GFTextField.swift in Sources */,
				AC4451412A94EE9F00E8E67F /* FavoritesListVC.swift in Sources */,
				AC138AF22A9B9E6500849F90 /* UIViewController+Ext.swift in Sources */,
				AC33437D2A9635690019564A /* GFButton.swift in Sources */,
				AC44513F2A94EE6A00E8E67F /* SearchVC.swift in Sources */,
				ACFA0FFC2A97B87800E9A23C /* FollowerListVC.swift in Sources */,
				AC138AF02A9B923100849F90 /* GFAlertVC.swift in Sources */,
				AC4451262A9253A000E8E67F /* AppDelegate.swift in Sources */,
				AC138AEC2A9B8F7200849F90 /* GFTitleLabel.swift in Sources */,
				ACFA0FFF2A97DFC400E9A23C /* String+Ext.swift in Sources */,
				AC4451282A9253A000E8E67F /* SceneDelegate.swift in Sources */,
				AC138AEE2A9B910B00849F90 /* GFBodyLabel.swift in Sources */,
			);
			runOnlyForDeploymentPostprocessing = 0;
		};
/* End PBXSourcesBuildPhase section */

/* Begin PBXVariantGroup section */
		AC4451302A9253A000E8E67F /* LaunchScreen.storyboard */ = {
			isa = PBXVariantGroup;
			children = (
				AC4451312A9253A000E8E67F /* Base */,
			);
			name = LaunchScreen.storyboard;
			sourceTree = "<group>";
		};
/* End PBXVariantGroup section */

/* Begin XCBuildConfiguration section */
		AC4451342A9253A000E8E67F /* Debug */ = {
			isa = XCBuildConfiguration;
			buildSettings = {
				ALWAYS_SEARCH_USER_PATHS = NO;
				CLANG_ANALYZER_NONNULL = YES;
				CLANG_ANALYZER_NUMBER_OBJECT_CONVERSION = YES_AGGRESSIVE;
				CLANG_CXX_LANGUAGE_STANDARD = "gnu++20";
				CLANG_ENABLE_MODULES = YES;
				CLANG_ENABLE_OBJC_ARC = YES;
				CLANG_ENABLE_OBJC_WEAK = YES;
				CLANG_WARN_BLOCK_CAPTURE_AUTORELEASING = YES;
				CLANG_WARN_BOOL_CONVERSION = YES;
				CLANG_WARN_COMMA = YES;
				CLANG_WARN_CONSTANT_CONVERSION = YES;
				CLANG_WARN_DEPRECATED_OBJC_IMPLEMENTATIONS = YES;
				CLANG_WARN_DIRECT_OBJC_ISA_USAGE = YES_ERROR;
				CLANG_WARN_DOCUMENTATION_COMMENTS = YES;
				CLANG_WARN_EMPTY_BODY = YES;
				CLANG_WARN_ENUM_CONVERSION = YES;
				CLANG_WARN_INFINITE_RECURSION = YES;
				CLANG_WARN_INT_CONVERSION = YES;
				CLANG_WARN_NON_LITERAL_NULL_CONVERSION = YES;
				CLANG_WARN_OBJC_IMPLICIT_RETAIN_SELF = YES;
				CLANG_WARN_OBJC_LITERAL_CONVERSION = YES;
				CLANG_WARN_OBJC_ROOT_CLASS = YES_ERROR;
				CLANG_WARN_QUOTED_INCLUDE_IN_FRAMEWORK_HEADER = YES;
				CLANG_WARN_RANGE_LOOP_ANALYSIS = YES;
				CLANG_WARN_STRICT_PROTOTYPES = YES;
				CLANG_WARN_SUSPICIOUS_MOVE = YES;
				CLANG_WARN_UNGUARDED_AVAILABILITY = YES_AGGRESSIVE;
				CLANG_WARN_UNREACHABLE_CODE = YES;
				CLANG_WARN__DUPLICATE_METHOD_MATCH = YES;
				COPY_PHASE_STRIP = NO;
				DEBUG_INFORMATION_FORMAT = dwarf;
				ENABLE_STRICT_OBJC_MSGSEND = YES;
				ENABLE_TESTABILITY = YES;
				GCC_C_LANGUAGE_STANDARD = gnu11;
				GCC_DYNAMIC_NO_PIC = NO;
				GCC_NO_COMMON_BLOCKS = YES;
				GCC_OPTIMIZATION_LEVEL = 0;
				GCC_PREPROCESSOR_DEFINITIONS = (
					"DEBUG=1",
					"$(inherited)",
				);
				GCC_WARN_64_TO_32_BIT_CONVERSION = YES;
				GCC_WARN_ABOUT_RETURN_TYPE = YES_ERROR;
				GCC_WARN_UNDECLARED_SELECTOR = YES;
				GCC_WARN_UNINITIALIZED_AUTOS = YES_AGGRESSIVE;
				GCC_WARN_UNUSED_FUNCTION = YES;
				GCC_WARN_UNUSED_VARIABLE = YES;
				IPHONEOS_DEPLOYMENT_TARGET = 16.2;
				MTL_ENABLE_DEBUG_INFO = INCLUDE_SOURCE;
				MTL_FAST_MATH = YES;
				ONLY_ACTIVE_ARCH = YES;
				SDKROOT = iphoneos;
				SWIFT_ACTIVE_COMPILATION_CONDITIONS = DEBUG;
				SWIFT_OPTIMIZATION_LEVEL = "-Onone";
			};
			name = Debug;
		};
		AC4451352A9253A000E8E67F /* Release */ = {
			isa = XCBuildConfiguration;
			buildSettings = {
				ALWAYS_SEARCH_USER_PATHS = NO;
				CLANG_ANALYZER_NONNULL = YES;
				CLANG_ANALYZER_NUMBER_OBJECT_CONVERSION = YES_AGGRESSIVE;
				CLANG_CXX_LANGUAGE_STANDARD = "gnu++20";
				CLANG_ENABLE_MODULES = YES;
				CLANG_ENABLE_OBJC_ARC = YES;
				CLANG_ENABLE_OBJC_WEAK = YES;
				CLANG_WARN_BLOCK_CAPTURE_AUTORELEASING = YES;
				CLANG_WARN_BOOL_CONVERSION = YES;
				CLANG_WARN_COMMA = YES;
				CLANG_WARN_CONSTANT_CONVERSION = YES;
				CLANG_WARN_DEPRECATED_OBJC_IMPLEMENTATIONS = YES;
				CLANG_WARN_DIRECT_OBJC_ISA_USAGE = YES_ERROR;
				CLANG_WARN_DOCUMENTATION_COMMENTS = YES;
				CLANG_WARN_EMPTY_BODY = YES;
				CLANG_WARN_ENUM_CONVERSION = YES;
				CLANG_WARN_INFINITE_RECURSION = YES;
				CLANG_WARN_INT_CONVERSION = YES;
				CLANG_WARN_NON_LITERAL_NULL_CONVERSION = YES;
				CLANG_WARN_OBJC_IMPLICIT_RETAIN_SELF = YES;
				CLANG_WARN_OBJC_LITERAL_CONVERSION = YES;
				CLANG_WARN_OBJC_ROOT_CLASS = YES_ERROR;
				CLANG_WARN_QUOTED_INCLUDE_IN_FRAMEWORK_HEADER = YES;
				CLANG_WARN_RANGE_LOOP_ANALYSIS = YES;
				CLANG_WARN_STRICT_PROTOTYPES = YES;
				CLANG_WARN_SUSPICIOUS_MOVE = YES;
				CLANG_WARN_UNGUARDED_AVAILABILITY = YES_AGGRESSIVE;
				CLANG_WARN_UNREACHABLE_CODE = YES;
				CLANG_WARN__DUPLICATE_METHOD_MATCH = YES;
				COPY_PHASE_STRIP = NO;
				DEBUG_INFORMATION_FORMAT = "dwarf-with-dsym";
				ENABLE_NS_ASSERTIONS = NO;
				ENABLE_STRICT_OBJC_MSGSEND = YES;
				GCC_C_LANGUAGE_STANDARD = gnu11;
				GCC_NO_COMMON_BLOCKS = YES;
				GCC_WARN_64_TO_32_BIT_CONVERSION = YES;
				GCC_WARN_ABOUT_RETURN_TYPE = YES_ERROR;
				GCC_WARN_UNDECLARED_SELECTOR = YES;
				GCC_WARN_UNINITIALIZED_AUTOS = YES_AGGRESSIVE;
				GCC_WARN_UNUSED_FUNCTION = YES;
				GCC_WARN_UNUSED_VARIABLE = YES;
				IPHONEOS_DEPLOYMENT_TARGET = 16.2;
				MTL_ENABLE_DEBUG_INFO = NO;
				MTL_FAST_MATH = YES;
				SDKROOT = iphoneos;
				SWIFT_COMPILATION_MODE = wholemodule;
				SWIFT_OPTIMIZATION_LEVEL = "-O";
				VALIDATE_PRODUCT = YES;
			};
			name = Release;
		};
		AC4451372A9253A000E8E67F /* Debug */ = {
			isa = XCBuildConfiguration;
			buildSettings = {
				ASSETCATALOG_COMPILER_APPICON_NAME = AppIcon;
				ASSETCATALOG_COMPILER_GLOBAL_ACCENT_COLOR_NAME = AccentColor;
				CODE_SIGN_STYLE = Automatic;
				CURRENT_PROJECT_VERSION = 1;
				DEVELOPMENT_TEAM = V92W5X939L;
				GENERATE_INFOPLIST_FILE = YES;
				INFOPLIST_FILE = "GithubFollowers-App/Info.plist";
				INFOPLIST_KEY_UIApplicationSupportsIndirectInputEvents = YES;
				INFOPLIST_KEY_UILaunchStoryboardName = LaunchScreen;
				INFOPLIST_KEY_UISupportedInterfaceOrientations = UIInterfaceOrientationPortrait;
				INFOPLIST_KEY_UISupportedInterfaceOrientations_iPad = "UIInterfaceOrientationLandscapeLeft UIInterfaceOrientationLandscapeRight UIInterfaceOrientationPortrait UIInterfaceOrientationPortraitUpsideDown";
				LD_RUNPATH_SEARCH_PATHS = (
					"$(inherited)",
					"@executable_path/Frameworks",
				);
				MARKETING_VERSION = 1.0;
				PRODUCT_BUNDLE_IDENTIFIER = "com.furkanbingol.GithubFollowers-App";
				PRODUCT_NAME = "$(TARGET_NAME)";
				SUPPORTED_PLATFORMS = "iphoneos iphonesimulator";
				SUPPORTS_MACCATALYST = NO;
				SUPPORTS_MAC_DESIGNED_FOR_IPHONE_IPAD = YES;
				SWIFT_EMIT_LOC_STRINGS = YES;
				SWIFT_VERSION = 5.0;
				TARGETED_DEVICE_FAMILY = 1;
			};
			name = Debug;
		};
		AC4451382A9253A000E8E67F /* Release */ = {
			isa = XCBuildConfiguration;
			buildSettings = {
				ASSETCATALOG_COMPILER_APPICON_NAME = AppIcon;
				ASSETCATALOG_COMPILER_GLOBAL_ACCENT_COLOR_NAME = AccentColor;
				CODE_SIGN_STYLE = Automatic;
				CURRENT_PROJECT_VERSION = 1;
				DEVELOPMENT_TEAM = V92W5X939L;
				GENERATE_INFOPLIST_FILE = YES;
				INFOPLIST_FILE = "GithubFollowers-App/Info.plist";
				INFOPLIST_KEY_UIApplicationSupportsIndirectInputEvents = YES;
				INFOPLIST_KEY_UILaunchStoryboardName = LaunchScreen;
				INFOPLIST_KEY_UISupportedInterfaceOrientations = UIInterfaceOrientationPortrait;
				INFOPLIST_KEY_UISupportedInterfaceOrientations_iPad = "UIInterfaceOrientationLandscapeLeft UIInterfaceOrientationLandscapeRight UIInterfaceOrientationPortrait UIInterfaceOrientationPortraitUpsideDown";
				LD_RUNPATH_SEARCH_PATHS = (
					"$(inherited)",
					"@executable_path/Frameworks",
				);
				MARKETING_VERSION = 1.0;
				PRODUCT_BUNDLE_IDENTIFIER = "com.furkanbingol.GithubFollowers-App";
				PRODUCT_NAME = "$(TARGET_NAME)";
				SUPPORTED_PLATFORMS = "iphoneos iphonesimulator";
				SUPPORTS_MACCATALYST = NO;
				SUPPORTS_MAC_DESIGNED_FOR_IPHONE_IPAD = YES;
				SWIFT_EMIT_LOC_STRINGS = YES;
				SWIFT_VERSION = 5.0;
				TARGETED_DEVICE_FAMILY = 1;
			};
			name = Release;
		};
/* End XCBuildConfiguration section */

/* Begin XCConfigurationList section */
		AC44511D2A9253A000E8E67F /* Build configuration list for PBXProject "GithubFollowers-App" */ = {
			isa = XCConfigurationList;
			buildConfigurations = (
				AC4451342A9253A000E8E67F /* Debug */,
				AC4451352A9253A000E8E67F /* Release */,
			);
			defaultConfigurationIsVisible = 0;
			defaultConfigurationName = Release;
		};
		AC4451362A9253A000E8E67F /* Build configuration list for PBXNativeTarget "GithubFollowers-App" */ = {
			isa = XCConfigurationList;
			buildConfigurations = (
				AC4451372A9253A000E8E67F /* Debug */,
				AC4451382A9253A000E8E67F /* Release */,
			);
			defaultConfigurationIsVisible = 0;
			defaultConfigurationName = Release;
		};
/* End XCConfigurationList section */
	};
	rootObject = AC44511A2A9253A000E8E67F /* Project object */;
}
